// !$*UTF8*$!
{
	archiveVersion = 1;
	classes = {
	};
	objectVersion = 77;
	objects = {

/* Begin PBXContainerItemProxy section */
		691B97512DB018650092B8DC /* PBXContainerItemProxy */ = {
			isa = PBXContainerItemProxy;
			containerPortal = 691B97382DB018630092B8DC /* Project object */;
			proxyType = 1;
			remoteGlobalIDString = 691B973F2DB018630092B8DC;
			remoteInfo = "Job Potrol";
		};
		691B975B2DB018650092B8DC /* PBXContainerItemProxy */ = {
			isa = PBXContainerItemProxy;
			containerPortal = 691B97382DB018630092B8DC /* Project object */;
			proxyType = 1;
			remoteGlobalIDString = 691B973F2DB018630092B8DC;
			remoteInfo = "Job Potrol";
		};
/* End PBXContainerItemProxy section */

/* Begin PBXFileReference section */
		691B97402DB018630092B8DC /* Job Potrol.app */ = {isa = PBXFileReference; explicitFileType = wrapper.application; includeInIndex = 0; path = "Job Potrol.app"; sourceTree = BUILT_PRODUCTS_DIR; };
		691B97502DB018650092B8DC /* Job PotrolTests.xctest */ = {isa = PBXFileReference; explicitFileType = wrapper.cfbundle; includeInIndex = 0; path = "Job PotrolTests.xctest"; sourceTree = BUILT_PRODUCTS_DIR; };
		691B975A2DB018650092B8DC /* Job PotrolUITests.xctest */ = {isa = PBXFileReference; explicitFileType = wrapper.cfbundle; includeInIndex = 0; path = "Job PotrolUITests.xctest"; sourceTree = BUILT_PRODUCTS_DIR; };
/* End PBXFileReference section */

/* Begin PBXFileSystemSynchronizedBuildFileExceptionSet section */
		691B97712DB0A78E0092B8DC /* Exceptions for "Job PotrolTests" folder in "Job Potrol" target */ = {
			isa = PBXFileSystemSynchronizedBuildFileExceptionSet;
			membershipExceptions = (
				Job_PotrolApp.swift,
			);
			target = 691B973F2DB018630092B8DC /* Job Potrol */;
		};
		691B97722DB0A78E0092B8DC /* Exceptions for "Job PotrolTests" folder in "Job PotrolTests" target */ = {
			isa = PBXFileSystemSynchronizedBuildFileExceptionSet;
			membershipExceptions = (
				Job_PotrolApp.swift,
			);
			target = 691B974F2DB018650092B8DC /* Job PotrolTests */;
		};
/* End PBXFileSystemSynchronizedBuildFileExceptionSet section */

/* Begin PBXFileSystemSynchronizedRootGroup section */
		691B97422DB018630092B8DC /* Job Potrol */ = {
			isa = PBXFileSystemSynchronizedRootGroup;
			path = "Job Potrol";
			sourceTree = "<group>";
		};
		691B97532DB018650092B8DC /* Job PotrolTests */ = {
			isa = PBXFileSystemSynchronizedRootGroup;
			exceptions = (
				691B97712DB0A78E0092B8DC /* Exceptions for "Job PotrolTests" folder in "Job Potrol" target */,
				691B97722DB0A78E0092B8DC /* Exceptions for "Job PotrolTests" folder in "Job PotrolTests" target */,
			);
			path = "Job PotrolTests";
			sourceTree = "<group>";
		};
		691B975D2DB018650092B8DC /* Job PotrolUITests */ = {
			isa = PBXFileSystemSynchronizedRootGroup;
			path = "Job PotrolUITests";
			sourceTree = "<group>";
		};
/* End PBXFileSystemSynchronizedRootGroup section */

/* Begin PBXFrameworksBuildPhase section */
		691B973D2DB018630092B8DC /* Frameworks */ = {
			isa = PBXFrameworksBuildPhase;
			buildActionMask = 2147483647;
			files = (
			);
			runOnlyForDeploymentPostprocessing = 0;
		};
		691B974D2DB018650092B8DC /* Frameworks */ = {
			isa = PBXFrameworksBuildPhase;
			buildActionMask = 2147483647;
			files = (
			);
			runOnlyForDeploymentPostprocessing = 0;
		};
		691B97572DB018650092B8DC /* Frameworks */ = {
			isa = PBXFrameworksBuildPhase;
			buildActionMask = 2147483647;
			files = (
			);
			runOnlyForDeploymentPostprocessing = 0;
		};
/* End PBXFrameworksBuildPhase section */

/* Begin PBXGroup section */
		691B97372DB018630092B8DC = {
			isa = PBXGroup;
			children = (
				691B97422DB018630092B8DC /* Job Potrol */,
				691B97532DB018650092B8DC /* Job PotrolTests */,
				691B975D2DB018650092B8DC /* Job PotrolUITests */,
				691B97412DB018630092B8DC /* Products */,
			);
			sourceTree = "<group>";
		};
		691B97412DB018630092B8DC /* Products */ = {
			isa = PBXGroup;
			children = (
				691B97402DB018630092B8DC /* Job Potrol.app */,
				691B97502DB018650092B8DC /* Job PotrolTests.xctest */,
				691B975A2DB018650092B8DC /* Job PotrolUITests.xctest */,
			);
			name = Products;
			sourceTree = "<group>";
		};
/* End PBXGroup section */

/* Begin PBXNativeTarget section */
		691B973F2DB018630092B8DC /* Job Potrol */ = {
			isa = PBXNativeTarget;
			buildConfigurationList = 691B97642DB018650092B8DC /* Build configuration list for PBXNativeTarget "Job Potrol" */;
			buildPhases = (
				691B973C2DB018630092B8DC /* Sources */,
				691B973D2DB018630092B8DC /* Frameworks */,
				691B973E2DB018630092B8DC /* Resources */,
			);
			buildRules = (
			);
			dependencies = (
			);
			fileSystemSynchronizedGroups = (
				691B97422DB018630092B8DC /* Job Potrol */,
			);
			name = "Job Potrol";
			packageProductDependencies = (
			);
			productName = "Job Potrol";
			productReference = 691B97402DB018630092B8DC /* Job Potrol.app */;
			productType = "com.apple.product-type.application";
		};
		691B974F2DB018650092B8DC /* Job PotrolTests */ = {
			isa = PBXNativeTarget;
			buildConfigurationList = 691B97672DB018650092B8DC /* Build configuration list for PBXNativeTarget "Job PotrolTests" */;
			buildPhases = (
				691B974C2DB018650092B8DC /* Sources */,
				691B974D2DB018650092B8DC /* Frameworks */,
				691B974E2DB018650092B8DC /* Resources */,
			);
			buildRules = (
			);
			dependencies = (
				691B97522DB018650092B8DC /* PBXTargetDependency */,
			);
			fileSystemSynchronizedGroups = (
				691B97532DB018650092B8DC /* Job PotrolTests */,
			);
			name = "Job PotrolTests";
			packageProductDependencies = (
			);
			productName = "Job PotrolTests";
			productReference = 691B97502DB018650092B8DC /* Job PotrolTests.xctest */;
			productType = "com.apple.product-type.bundle.unit-test";
		};
		691B97592DB018650092B8DC /* Job PotrolUITests */ = {
			isa = PBXNativeTarget;
			buildConfigurationList = 691B976A2DB018650092B8DC /* Build configuration list for PBXNativeTarget "Job PotrolUITests" */;
			buildPhases = (
				691B97562DB018650092B8DC /* Sources */,
				691B97572DB018650092B8DC /* Frameworks */,
				691B97582DB018650092B8DC /* Resources */,
			);
			buildRules = (
			);
			dependencies = (
				691B975C2DB018650092B8DC /* PBXTargetDependency */,
			);
			fileSystemSynchronizedGroups = (
				691B975D2DB018650092B8DC /* Job PotrolUITests */,
			);
			name = "Job PotrolUITests";
			packageProductDependencies = (
			);
			productName = "Job PotrolUITests";
			productReference = 691B975A2DB018650092B8DC /* Job PotrolUITests.xctest */;
			productType = "com.apple.product-type.bundle.ui-testing";
		};
/* End PBXNativeTarget section */

/* Begin PBXProject section */
		691B97382DB018630092B8DC /* Project object */ = {
			isa = PBXProject;
			attributes = {
				BuildIndependentTargetsInParallel = 1;
				LastSwiftUpdateCheck = 1620;
				LastUpgradeCheck = 1620;
				TargetAttributes = {
					691B973F2DB018630092B8DC = {
						CreatedOnToolsVersion = 16.2;
					};
					691B974F2DB018650092B8DC = {
						CreatedOnToolsVersion = 16.2;
						TestTargetID = 691B973F2DB018630092B8DC;
					};
					691B97592DB018650092B8DC = {
						CreatedOnToolsVersion = 16.2;
						TestTargetID = 691B973F2DB018630092B8DC;
					};
				};
			};
			buildConfigurationList = 691B973B2DB018630092B8DC /* Build configuration list for PBXProject "Job Potrol" */;
			developmentRegion = en;
			hasScannedForEncodings = 0;
			knownRegions = (
				en,
				Base,
			);
			mainGroup = 691B97372DB018630092B8DC;
			minimizedProjectReferenceProxies = 1;
			preferredProjectObjectVersion = 77;
			productRefGroup = 691B97412DB018630092B8DC /* Products */;
			projectDirPath = "";
			projectRoot = "";
			targets = (
				691B973F2DB018630092B8DC /* Job Potrol */,
				691B974F2DB018650092B8DC /* Job PotrolTests */,
				691B97592DB018650092B8DC /* Job PotrolUITests */,
			);
		};
/* End PBXProject section */

/* Begin PBXResourcesBuildPhase section */
		691B973E2DB018630092B8DC /* Resources */ = {
			isa = PBXResourcesBuildPhase;
			buildActionMask = 2147483647;
			files = (
			);
			runOnlyForDeploymentPostprocessing = 0;
		};
		691B974E2DB018650092B8DC /* Resources */ = {
			isa = PBXResourcesBuildPhase;
			buildActionMask = 2147483647;
			files = (
			);
			runOnlyForDeploymentPostprocessing = 0;
		};
		691B97582DB018650092B8DC /* Resources */ = {
			isa = PBXResourcesBuildPhase;
			buildActionMask = 2147483647;
			files = (
			);
			runOnlyForDeploymentPostprocessing = 0;
		};
/* End PBXResourcesBuildPhase section */

/* Begin PBXSourcesBuildPhase section */
		691B973C2DB018630092B8DC /* Sources */ = {
			isa = PBXSourcesBuildPhase;
			buildActionMask = 2147483647;
			files = (
			);
			runOnlyForDeploymentPostprocessing = 0;
		};
		691B974C2DB018650092B8DC /* Sources */ = {
			isa = PBXSourcesBuildPhase;
			buildActionMask = 2147483647;
			files = (
			);
			runOnlyForDeploymentPostprocessing = 0;
		};
		691B97562DB018650092B8DC /* Sources */ = {
			isa = PBXSourcesBuildPhase;
			buildActionMask = 2147483647;
			files = (
			);
			runOnlyForDeploymentPostprocessing = 0;
		};
/* End PBXSourcesBuildPhase section */

/* Begin PBXTargetDependency section */
		691B97522DB018650092B8DC /* PBXTargetDependency */ = {
			isa = PBXTargetDependency;
			target = 691B973F2DB018630092B8DC /* Job Potrol */;
			targetProxy = 691B97512DB018650092B8DC /* PBXContainerItemProxy */;
		};
		691B975C2DB018650092B8DC /* PBXTargetDependency */ = {
			isa = PBXTargetDependency;
			target = 691B973F2DB018630092B8DC /* Job Potrol */;
			targetProxy = 691B975B2DB018650092B8DC /* PBXContainerItemProxy */;
		};
/* End PBXTargetDependency section */

/* Begin XCBuildConfiguration section */
		691B97622DB018650092B8DC /* Debug */ = {
			isa = XCBuildConfiguration;
			buildSettings = {
				ALWAYS_SEARCH_USER_PATHS = NO;
				ASSETCATALOG_COMPILER_GENERATE_SWIFT_ASSET_SYMBOL_EXTENSIONS = YES;
				CLANG_ANALYZER_NONNULL = YES;
				CLANG_ANALYZER_NUMBER_OBJECT_CONVERSION = YES_AGGRESSIVE;
				CLANG_CXX_LANGUAGE_STANDARD = "gnu++20";
				CLANG_ENABLE_MODULES = YES;
				CLANG_ENABLE_OBJC_ARC = YES;
				CLANG_ENABLE_OBJC_WEAK = YES;
				CLANG_WARN_BLOCK_CAPTURE_AUTORELEASING = YES;
				CLANG_WARN_BOOL_CONVERSION = YES;
				CLANG_WARN_COMMA = YES;
				CLANG_WARN_CONSTANT_CONVERSION = YES;
				CLANG_WARN_DEPRECATED_OBJC_IMPLEMENTATIONS = YES;
				CLANG_WARN_DIRECT_OBJC_ISA_USAGE = YES_ERROR;
				CLANG_WARN_DOCUMENTATION_COMMENTS = YES;
				CLANG_WARN_EMPTY_BODY = YES;
				CLANG_WARN_ENUM_CONVERSION = YES;
				CLANG_WARN_INFINITE_RECURSION = YES;
				CLANG_WARN_INT_CONVERSION = YES;
				CLANG_WARN_NON_LITERAL_NULL_CONVERSION = YES;
				CLANG_WARN_OBJC_IMPLICIT_RETAIN_SELF = YES;
				CLANG_WARN_OBJC_LITERAL_CONVERSION = YES;
				CLANG_WARN_OBJC_ROOT_CLASS = YES_ERROR;
				CLANG_WARN_QUOTED_INCLUDE_IN_FRAMEWORK_HEADER = YES;
				CLANG_WARN_RANGE_LOOP_ANALYSIS = YES;
				CLANG_WARN_STRICT_PROTOTYPES = YES;
				CLANG_WARN_SUSPICIOUS_MOVE = YES;
				CLANG_WARN_UNGUARDED_AVAILABILITY = YES_AGGRESSIVE;
				CLANG_WARN_UNREACHABLE_CODE = YES;
				CLANG_WARN__DUPLICATE_METHOD_MATCH = YES;
				COPY_PHASE_STRIP = NO;
				DEBUG_INFORMATION_FORMAT = dwarf;
				ENABLE_STRICT_OBJC_MSGSEND = YES;
				ENABLE_TESTABILITY = YES;
				ENABLE_USER_SCRIPT_SANDBOXING = YES;
				GCC_C_LANGUAGE_STANDARD = gnu17;
				GCC_DYNAMIC_NO_PIC = NO;
				GCC_NO_COMMON_BLOCKS = YES;
				GCC_OPTIMIZATION_LEVEL = 0;
				GCC_PREPROCESSOR_DEFINITIONS = (
					"DEBUG=1",
					"$(inherited)",
				);
				GCC_WARN_64_TO_32_BIT_CONVERSION = YES;
				GCC_WARN_ABOUT_RETURN_TYPE = YES_ERROR;
				GCC_WARN_UNDECLARED_SELECTOR = YES;
				GCC_WARN_UNINITIALIZED_AUTOS = YES_AGGRESSIVE;
				GCC_WARN_UNUSED_FUNCTION = YES;
				GCC_WARN_UNUSED_VARIABLE = YES;
				IPHONEOS_DEPLOYMENT_TARGET = 18.2;
				LOCALIZATION_PREFERS_STRING_CATALOGS = YES;
				MTL_ENABLE_DEBUG_INFO = INCLUDE_SOURCE;
				MTL_FAST_MATH = YES;
				ONLY_ACTIVE_ARCH = YES;
				SDKROOT = iphoneos;
				SWIFT_ACTIVE_COMPILATION_CONDITIONS = "DEBUG $(inherited)";
				SWIFT_OPTIMIZATION_LEVEL = "-Onone";
			};
			name = Debug;
		};
		691B97632DB018650092B8DC /* Release */ = {
			isa = XCBuildConfiguration;
			buildSettings = {
				ALWAYS_SEARCH_USER_PATHS = NO;
				ASSETCATALOG_COMPILER_GENERATE_SWIFT_ASSET_SYMBOL_EXTENSIONS = YES;
				CLANG_ANALYZER_NONNULL = YES;
				CLANG_ANALYZER_NUMBER_OBJECT_CONVERSION = YES_AGGRESSIVE;
				CLANG_CXX_LANGUAGE_STANDARD = "gnu++20";
				CLANG_ENABLE_MODULES = YES;
				CLANG_ENABLE_OBJC_ARC = YES;
				CLANG_ENABLE_OBJC_WEAK = YES;
				CLANG_WARN_BLOCK_CAPTURE_AUTORELEASING = YES;
				CLANG_WARN_BOOL_CONVERSION = YES;
				CLANG_WARN_COMMA = YES;
				CLANG_WARN_CONSTANT_CONVERSION = YES;
				CLANG_WARN_DEPRECATED_OBJC_IMPLEMENTATIONS = YES;
				CLANG_WARN_DIRECT_OBJC_ISA_USAGE = YES_ERROR;
				CLANG_WARN_DOCUMENTATION_COMMENTS = YES;
				CLANG_WARN_EMPTY_BODY = YES;
				CLANG_WARN_ENUM_CONVERSION = YES;
				CLANG_WARN_INFINITE_RECURSION = YES;
				CLANG_WARN_INT_CONVERSION = YES;
				CLANG_WARN_NON_LITERAL_NULL_CONVERSION = YES;
				CLANG_WARN_OBJC_IMPLICIT_RETAIN_SELF = YES;
				CLANG_WARN_OBJC_LITERAL_CONVERSION = YES;
				CLANG_WARN_OBJC_ROOT_CLASS = YES_ERROR;
				CLANG_WARN_QUOTED_INCLUDE_IN_FRAMEWORK_HEADER = YES;
				CLANG_WARN_RANGE_LOOP_ANALYSIS = YES;
				CLANG_WARN_STRICT_PROTOTYPES = YES;
				CLANG_WARN_SUSPICIOUS_MOVE = YES;
				CLANG_WARN_UNGUARDED_AVAILABILITY = YES_AGGRESSIVE;
				CLANG_WARN_UNREACHABLE_CODE = YES;
				CLANG_WARN__DUPLICATE_METHOD_MATCH = YES;
				COPY_PHASE_STRIP = NO;
				DEBUG_INFORMATION_FORMAT = "dwarf-with-dsym";
				ENABLE_NS_ASSERTIONS = NO;
				ENABLE_STRICT_OBJC_MSGSEND = YES;
				ENABLE_USER_SCRIPT_SANDBOXING = YES;
				GCC_C_LANGUAGE_STANDARD = gnu17;
				GCC_NO_COMMON_BLOCKS = YES;
				GCC_WARN_64_TO_32_BIT_CONVERSION = YES;
				GCC_WARN_ABOUT_RETURN_TYPE = YES_ERROR;
				GCC_WARN_UNDECLARED_SELECTOR = YES;
				GCC_WARN_UNINITIALIZED_AUTOS = YES_AGGRESSIVE;
				GCC_WARN_UNUSED_FUNCTION = YES;
				GCC_WARN_UNUSED_VARIABLE = YES;
				IPHONEOS_DEPLOYMENT_TARGET = 18.2;
				LOCALIZATION_PREFERS_STRING_CATALOGS = YES;
				MTL_ENABLE_DEBUG_INFO = NO;
				MTL_FAST_MATH = YES;
				SDKROOT = iphoneos;
				SWIFT_COMPILATION_MODE = wholemodule;
				VALIDATE_PRODUCT = YES;
			};
			name = Release;
		};
		691B97652DB018650092B8DC /* Debug */ = {
			isa = XCBuildConfiguration;
			buildSettings = {
				ASSETCATALOG_COMPILER_APPICON_NAME = AppIcon;
				ASSETCATALOG_COMPILER_GLOBAL_ACCENT_COLOR_NAME = AccentColor;
				CODE_SIGN_STYLE = Automatic;
				CURRENT_PROJECT_VERSION = 1;
				DEVELOPMENT_ASSET_PATHS = "\"Job Potrol/Preview Content\"";
				ENABLE_PREVIEWS = YES;
				GENERATE_INFOPLIST_FILE = YES;
				INFOPLIST_FILE = "Job-Potrol-Info.plist";
				INFOPLIST_KEY_NSMicrophoneUsageDescription = "We need your microphone access to record your voice.\nWe need your microphone access to record your voice.\nWe need your microphone access to record your voice.\n";
				INFOPLIST_KEY_UIApplicationSceneManifest_Generation = YES;
				INFOPLIST_KEY_UIApplicationSupportsIndirectInputEvents = YES;
				INFOPLIST_KEY_UILaunchScreen_Generation = YES;
				INFOPLIST_KEY_UISupportedInterfaceOrientations_iPad = "UIInterfaceOrientationPortrait UIInterfaceOrientationPortraitUpsideDown UIInterfaceOrientationLandscapeLeft UIInterfaceOrientationLandscapeRight";
				INFOPLIST_KEY_UISupportedInterfaceOrientations_iPhone = "UIInterfaceOrientationPortrait UIInterfaceOrientationLandscapeLeft UIInterfaceOrientationLandscapeRight";
				LD_RUNPATH_SEARCH_PATHS = (
					"$(inherited)",
					"@executable_path/Frameworks",
				);
				MARKETING_VERSION = 1.0;
				PRODUCT_BUNDLE_IDENTIFIER = "Manav-Saharkar.Job-Potrol";
				PRODUCT_NAME = "$(TARGET_NAME)";
				SWIFT_EMIT_LOC_STRINGS = YES;
				SWIFT_VERSION = 5.0;
				TARGETED_DEVICE_FAMILY = "1,2";
			};
			name = Debug;
		};
		691B97662DB018650092B8DC /* Release */ = {
			isa = XCBuildConfiguration;
			buildSettings = {
				ASSETCATALOG_COMPILER_APPICON_NAME = AppIcon;
				ASSETCATALOG_COMPILER_GLOBAL_ACCENT_COLOR_NAME = AccentColor;
				CODE_SIGN_STYLE = Automatic;
				CURRENT_PROJECT_VERSION = 1;
				DEVELOPMENT_ASSET_PATHS = "\"Job Potrol/Preview Content\"";
				ENABLE_PREVIEWS = YES;
				GENERATE_INFOPLIST_FILE = YES;
				INFOPLIST_FILE = "Job-Potrol-Info.plist";
				INFOPLIST_KEY_NSMicrophoneUsageDescription = "We need your microphone access to record your voice.\nWe need your microphone access to record your voice.\nWe need your microphone access to record your voice.\n";
				INFOPLIST_KEY_UIApplicationSceneManifest_Generation = YES;
				INFOPLIST_KEY_UIApplicationSupportsIndirectInputEvents = YES;
				INFOPLIST_KEY_UILaunchScreen_Generation = YES;
				INFOPLIST_KEY_UISupportedInterfaceOrientations_iPad = "UIInterfaceOrientationPortrait UIInterfaceOrientationPortraitUpsideDown UIInterfaceOrientationLandscapeLeft UIInterfaceOrientationLandscapeRight";
				INFOPLIST_KEY_UISupportedInterfaceOrientations_iPhone = "UIInterfaceOrientationPortrait UIInterfaceOrientationLandscapeLeft UIInterfaceOrientationLandscapeRight";
				LD_RUNPATH_SEARCH_PATHS = (
					"$(inherited)",
					"@executable_path/Frameworks",
				);
				MARKETING_VERSION = 1.0;
				PRODUCT_BUNDLE_IDENTIFIER = "Manav-Saharkar.Job-Potrol";
				PRODUCT_NAME = "$(TARGET_NAME)";
				SWIFT_EMIT_LOC_STRINGS = YES;
				SWIFT_VERSION = 5.0;
				TARGETED_DEVICE_FAMILY = "1,2";
			};
			name = Release;
		};
		691B97682DB018650092B8DC /* Debug */ = {
			isa = XCBuildConfiguration;
			buildSettings = {
				BUNDLE_LOADER = "$(TEST_HOST)";
				CODE_SIGN_STYLE = Automatic;
				CURRENT_PROJECT_VERSION = 1;
				GENERATE_INFOPLIST_FILE = YES;
				IPHONEOS_DEPLOYMENT_TARGET = 18.2;
				MARKETING_VERSION = 1.0;
				PRODUCT_BUNDLE_IDENTIFIER = "Manav-Saharkar.Job-PotrolTests";
				PRODUCT_NAME = "$(TARGET_NAME)";
				SWIFT_EMIT_LOC_STRINGS = NO;
				SWIFT_VERSION = 5.0;
				TARGETED_DEVICE_FAMILY = "1,2";
				TEST_HOST = "$(BUILT_PRODUCTS_DIR)/Job Potrol.app/$(BUNDLE_EXECUTABLE_FOLDER_PATH)/Job Potrol";
			};
			name = Debug;
		};
		691B97692DB018650092B8DC /* Release */ = {
			isa = XCBuildConfiguration;
			buildSettings = {
				BUNDLE_LOADER = "$(TEST_HOST)";
				CODE_SIGN_STYLE = Automatic;
				CURRENT_PROJECT_VERSION = 1;
				GENERATE_INFOPLIST_FILE = YES;
				IPHONEOS_DEPLOYMENT_TARGET = 18.2;
				MARKETING_VERSION = 1.0;
				PRODUCT_BUNDLE_IDENTIFIER = "Manav-Saharkar.Job-PotrolTests";
				PRODUCT_NAME = "$(TARGET_NAME)";
				SWIFT_EMIT_LOC_STRINGS = NO;
				SWIFT_VERSION = 5.0;
				TARGETED_DEVICE_FAMILY = "1,2";
				TEST_HOST = "$(BUILT_PRODUCTS_DIR)/Job Potrol.app/$(BUNDLE_EXECUTABLE_FOLDER_PATH)/Job Potrol";
			};
			name = Release;
		};
		691B976B2DB018650092B8DC /* Debug */ = {
			isa = XCBuildConfiguration;
			buildSettings = {
				CODE_SIGN_STYLE = Automatic;
				CURRENT_PROJECT_VERSION = 1;
				GENERATE_INFOPLIST_FILE = YES;
				MARKETING_VERSION = 1.0;
				PRODUCT_BUNDLE_IDENTIFIER = "Manav-Saharkar.Job-PotrolUITests";
				PRODUCT_NAME = "$(TARGET_NAME)";
				SWIFT_EMIT_LOC_STRINGS = NO;
				SWIFT_VERSION = 5.0;
				TARGETED_DEVICE_FAMILY = "1,2";
				TEST_TARGET_NAME = "Job Potrol";
			};
			name = Debug;
		};
		691B976C2DB018650092B8DC /* Release */ = {
			isa = XCBuildConfiguration;
			buildSettings = {
				CODE_SIGN_STYLE = Automatic;
				CURRENT_PROJECT_VERSION = 1;
				GENERATE_INFOPLIST_FILE = YES;
				MARKETING_VERSION = 1.0;
				PRODUCT_BUNDLE_IDENTIFIER = "Manav-Saharkar.Job-PotrolUITests";
				PRODUCT_NAME = "$(TARGET_NAME)";
				SWIFT_EMIT_LOC_STRINGS = NO;
				SWIFT_VERSION = 5.0;
				TARGETED_DEVICE_FAMILY = "1,2";
				TEST_TARGET_NAME = "Job Potrol";
			};
			name = Release;
		};
/* End XCBuildConfiguration section */

/* Begin XCConfigurationList section */
		691B973B2DB018630092B8DC /* Build configuration list for PBXProject "Job Potrol" */ = {
			isa = XCConfigurationList;
			buildConfigurations = (
				691B97622DB018650092B8DC /* Debug */,
				691B97632DB018650092B8DC /* Release */,
			);
			defaultConfigurationIsVisible = 0;
			defaultConfigurationName = Release;
		};
		691B97642DB018650092B8DC /* Build configuration list for PBXNativeTarget "Job Potrol" */ = {
			isa = XCConfigurationList;
			buildConfigurations = (
				691B97652DB018650092B8DC /* Debug */,
				691B97662DB018650092B8DC /* Release */,
			);
			defaultConfigurationIsVisible = 0;
			defaultConfigurationName = Release;
		};
		691B97672DB018650092B8DC /* Build configuration list for PBXNativeTarget "Job PotrolTests" */ = {
			isa = XCConfigurationList;
			buildConfigurations = (
				691B97682DB018650092B8DC /* Debug */,
				691B97692DB018650092B8DC /* Release */,
			);
			defaultConfigurationIsVisible = 0;
			defaultConfigurationName = Release;
		};
		691B976A2DB018650092B8DC /* Build configuration list for PBXNativeTarget "Job PotrolUITests" */ = {
			isa = XCConfigurationList;
			buildConfigurations = (
				691B976B2DB018650092B8DC /* Debug */,
				691B976C2DB018650092B8DC /* Release */,
			);
			defaultConfigurationIsVisible = 0;
			defaultConfigurationName = Release;
		};
/* End XCConfigurationList section */
	};
	rootObject = 691B97382DB018630092B8DC /* Project object */;
}
